Microsoft Visual Studio Solution File, Format Version 11.00
# Visual Studio 2008

Project("{DF9C8CCE-BDCC-B232-5039-E01C6CA71CD4}") = "Maze2", "Assembly-CSharp.csproj", "{CDB755B3-70BC-F408-B22B-2A948B8E660C}"
EndProject
Project("{DF9C8CCE-BDCC-B232-5039-E01C6CA71CD4}") = "Maze2", "Assembly-UnityScript.unityproj", "{3FEBACD7-F630-EE71-83E2-9C9BAD421FDB}"
EndProject
Global
	GlobalSection(SolutionConfigurationPlatforms) = preSolution
		Debug|Any CPU = Debug|Any CPU
		Release|Any CPU = Release|Any CPU
	EndGlobalSection
	GlobalSection(ProjectConfigurationPlatforms) = postSolution
		{CDB755B3-70BC-F408-B22B-2A948B8E660C}.Debug|Any CPU.ActiveCfg = Debug|Any CPU
		{CDB755B3-70BC-F408-B22B-2A948B8E660C}.Debug|Any CPU.Build.0 = Debug|Any CPU
		{CDB755B3-70BC-F408-B22B-2A948B8E660C}.Release|Any CPU.ActiveCfg = Release|Any CPU
		{CDB755B3-70BC-F408-B22B-2A948B8E660C}.Release|Any CPU.Build.0 = Release|Any CPU
		{3FEBACD7-F630-EE71-83E2-9C9BAD421FDB}.Debug|Any CPU.ActiveCfg = Debug|Any CPU
		{3FEBACD7-F630-EE71-83E2-9C9BAD421FDB}.Debug|Any CPU.Build.0 = Debug|Any CPU
		{3FEBACD7-F630-EE71-83E2-9C9BAD421FDB}.Release|Any CPU.ActiveCfg = Release|Any CPU
		{3FEBACD7-F630-EE71-83E2-9C9BAD421FDB}.Release|Any CPU.Build.0 = Release|Any CPU
	EndGlobalSection
	GlobalSection(SolutionProperties) = preSolution
		HideSolutionNode = FALSE
	EndGlobalSection
																GlobalSection(MonoDevelopProperties) = preSolution
		StartupItem = Assembly-CSharp.csproj
		Policies = $0
		$0.TextStylePolicy = $1
		$1.inheritsSet = null
		$1.scope = text/x-csharp
		$0.CSharpFormattingPolicy = $2
		$2.inheritsSet = Mono
		$2.inheritsScope = text/x-csharp
		$2.scope = text/x-csharp
		$0.TextStylePolicy = $3
		$3.FileWidth = 120
		$3.TabWidth = 4
		$3.IndentWidth = 4
		$3.EolMarker = Unix
		$3.inheritsSet = Mono
		$3.inheritsScope = text/plain
		$3.scope = text/plain
	EndGlobalSection

EndGlobal
